// !$*UTF8*$!
{
	archiveVersion = 1;
	classes = {
	};
	objectVersion = 56;
	objects = {

/* Begin PBXBuildFile section */
		65075D112B72C4B30077EBB3 /* MainTabBar.storyboard in Resources */ = {isa = PBXBuildFile; fileRef = 65075D0F2B72C4B30077EBB3 /* MainTabBar.storyboard */; };
		65075D122B72C4B30077EBB3 /* MainTabBarVC.swift in Sources */ = {isa = PBXBuildFile; fileRef = 65075D102B72C4B30077EBB3 /* MainTabBarVC.swift */; };
		650BAD402B7BD12700071AAA /* CategorisInteractor.swift in Sources */ = {isa = PBXBuildFile; fileRef = 650BAD3F2B7BD12700071AAA /* CategorisInteractor.swift */; };
		650BAD432B7BD8E700071AAA /* MyHeaderCollectionReusableView.swift in Sources */ = {isa = PBXBuildFile; fileRef = 650BAD412B7BD8E700071AAA /* MyHeaderCollectionReusableView.swift */; };
		650BAD442B7BD8E700071AAA /* MyHeaderCollectionReusableView.xib in Resources */ = {isa = PBXBuildFile; fileRef = 650BAD422B7BD8E700071AAA /* MyHeaderCollectionReusableView.xib */; };
		650BAD482B7C006400071AAA /* ProdOfCatogriesCollectionsCell.swift in Sources */ = {isa = PBXBuildFile; fileRef = 650BAD462B7C006400071AAA /* ProdOfCatogriesCollectionsCell.swift */; };
		650BAD492B7C006400071AAA /* ProdOfCatogriesCollectionsCell.xib in Resources */ = {isa = PBXBuildFile; fileRef = 650BAD472B7C006400071AAA /* ProdOfCatogriesCollectionsCell.xib */; };
		65213B3C2B67289B0058B0A4 /* SelectOrderVC.swift in Sources */ = {isa = PBXBuildFile; fileRef = 65213B3B2B67289B0058B0A4 /* SelectOrderVC.swift */; };
		65273C812B66C9AC008FAF39 /* ArticleCollectionViewCell.swift in Sources */ = {isa = PBXBuildFile; fileRef = 65273C7F2B66C9AC008FAF39 /* ArticleCollectionViewCell.swift */; };
		65273C822B66C9AC008FAF39 /* ArticleCollectionViewCell.xib in Resources */ = {isa = PBXBuildFile; fileRef = 65273C802B66C9AC008FAF39 /* ArticleCollectionViewCell.xib */; };
		65273C842B66DED8008FAF39 /* ProductsMenuVC.swift in Sources */ = {isa = PBXBuildFile; fileRef = 65273C832B66DED8008FAF39 /* ProductsMenuVC.swift */; };
		65273C872B66E0CB008FAF39 /* ProductsMenuTableViewCell.swift in Sources */ = {isa = PBXBuildFile; fileRef = 65273C852B66E0CB008FAF39 /* ProductsMenuTableViewCell.swift */; };
		65273C882B66E0CB008FAF39 /* ProductsMenuTableViewCell.xib in Resources */ = {isa = PBXBuildFile; fileRef = 65273C862B66E0CB008FAF39 /* ProductsMenuTableViewCell.xib */; };
		65458FB62B4EC82200434664 /* AppDelegate.swift in Sources */ = {isa = PBXBuildFile; fileRef = 65458FB52B4EC82200434664 /* AppDelegate.swift */; };
		65458FBF2B4EC82400434664 /* Assets.xcassets in Resources */ = {isa = PBXBuildFile; fileRef = 65458FBE2B4EC82400434664 /* Assets.xcassets */; };
		65458FCD2B4EC8BE00434664 /* OnboardingStoryboard.storyboard in Resources */ = {isa = PBXBuildFile; fileRef = 65458FCC2B4EC8BE00434664 /* OnboardingStoryboard.storyboard */; };
		6559BF702B75593B00CE8F83 /* HomeInteractor.swift in Sources */ = {isa = PBXBuildFile; fileRef = 6559BF6F2B75593B00CE8F83 /* HomeInteractor.swift */; };
		6559BF722B755C4E00CE8F83 /* homeProductsModel.swift in Sources */ = {isa = PBXBuildFile; fileRef = 6559BF712B755C4E00CE8F83 /* homeProductsModel.swift */; };
		6559BF752B793CDA00CE8F83 /* HomePresenter.swift in Sources */ = {isa = PBXBuildFile; fileRef = 6559BF742B793CDA00CE8F83 /* HomePresenter.swift */; };
		655FFE8C2B672C9500A1EB0C /* ItemAddedPopUp.swift in Sources */ = {isa = PBXBuildFile; fileRef = 655FFE8B2B672C9500A1EB0C /* ItemAddedPopUp.swift */; };
		6566F6EE2B581402000EC918 /* LoginVC.swift in Sources */ = {isa = PBXBuildFile; fileRef = 6566F6ED2B581402000EC918 /* LoginVC.swift */; };
		6566F6F02B581485000EC918 /* AuthPresenter.swift in Sources */ = {isa = PBXBuildFile; fileRef = 6566F6EF2B581485000EC918 /* AuthPresenter.swift */; };
		6566F6F22B5828CE000EC918 /* NetwrokManger.swift in Sources */ = {isa = PBXBuildFile; fileRef = 6566F6F12B5828CE000EC918 /* NetwrokManger.swift */; };
		6566F6F52B5828F8000EC918 /* Alamofire in Frameworks */ = {isa = PBXBuildFile; productRef = 6566F6F42B5828F8000EC918 /* Alamofire */; };
		6566F6F72B58293F000EC918 /* ErrorResponse.swift in Sources */ = {isa = PBXBuildFile; fileRef = 6566F6F62B58293F000EC918 /* ErrorResponse.swift */; };
		656AC8692B4F42CD008833C0 /* Inter-Light-BETA.otf in Resources */ = {isa = PBXBuildFile; fileRef = 656AC8562B4F42CC008833C0 /* Inter-Light-BETA.otf */; };
		656AC86A2B4F42CD008833C0 /* Inter-Regular.otf in Resources */ = {isa = PBXBuildFile; fileRef = 656AC8572B4F42CC008833C0 /* Inter-Regular.otf */; };
		656AC86B2B4F42CD008833C0 /* Inter-Medium.otf in Resources */ = {isa = PBXBuildFile; fileRef = 656AC8582B4F42CC008833C0 /* Inter-Medium.otf */; };
		656AC86C2B4F42CD008833C0 /* Inter-ExtraLight-BETA.otf in Resources */ = {isa = PBXBuildFile; fileRef = 656AC8592B4F42CC008833C0 /* Inter-ExtraLight-BETA.otf */; };
		656AC86D2B4F42CD008833C0 /* Inter-Black.otf in Resources */ = {isa = PBXBuildFile; fileRef = 656AC85A2B4F42CC008833C0 /* Inter-Black.otf */; };
		656AC86E2B4F42CD008833C0 /* Inter-ExtraBold.otf in Resources */ = {isa = PBXBuildFile; fileRef = 656AC85B2B4F42CD008833C0 /* Inter-ExtraBold.otf */; };
		656AC86F2B4F42CD008833C0 /* Inter-ExtraLightItalic-BETA.otf in Resources */ = {isa = PBXBuildFile; fileRef = 656AC85C2B4F42CD008833C0 /* Inter-ExtraLightItalic-BETA.otf */; };
		656AC8702B4F42CD008833C0 /* Inter-Bold.otf in Resources */ = {isa = PBXBuildFile; fileRef = 656AC85D2B4F42CD008833C0 /* Inter-Bold.otf */; };
		656AC8712B4F42CD008833C0 /* Inter-LightItalic-BETA.otf in Resources */ = {isa = PBXBuildFile; fileRef = 656AC85E2B4F42CD008833C0 /* Inter-LightItalic-BETA.otf */; };
		656AC8722B4F42CD008833C0 /* Inter-MediumItalic.otf in Resources */ = {isa = PBXBuildFile; fileRef = 656AC85F2B4F42CD008833C0 /* Inter-MediumItalic.otf */; };
		656AC8732B4F42CD008833C0 /* Inter-SemiBoldItalic.otf in Resources */ = {isa = PBXBuildFile; fileRef = 656AC8602B4F42CD008833C0 /* Inter-SemiBoldItalic.otf */; };
		656AC8742B4F42CD008833C0 /* Inter-ExtraBoldItalic.otf in Resources */ = {isa = PBXBuildFile; fileRef = 656AC8612B4F42CD008833C0 /* Inter-ExtraBoldItalic.otf */; };
		656AC8752B4F42CD008833C0 /* Inter-SemiBold.otf in Resources */ = {isa = PBXBuildFile; fileRef = 656AC8622B4F42CD008833C0 /* Inter-SemiBold.otf */; };
		656AC8762B4F42CD008833C0 /* Inter-Thin-BETA.otf in Resources */ = {isa = PBXBuildFile; fileRef = 656AC8632B4F42CD008833C0 /* Inter-Thin-BETA.otf */; };
		656AC8772B4F42CD008833C0 /* Inter-ThinItalic-BETA.otf in Resources */ = {isa = PBXBuildFile; fileRef = 656AC8642B4F42CD008833C0 /* Inter-ThinItalic-BETA.otf */; };
		656AC8782B4F42CD008833C0 /* Inter[slnt,wght].ttf in Resources */ = {isa = PBXBuildFile; fileRef = 656AC8652B4F42CD008833C0 /* Inter[slnt,wght].ttf */; };
		656AC8792B4F42CD008833C0 /* Inter-Italic.otf in Resources */ = {isa = PBXBuildFile; fileRef = 656AC8662B4F42CD008833C0 /* Inter-Italic.otf */; };
		656AC87A2B4F42CD008833C0 /* Inter-BoldItalic.otf in Resources */ = {isa = PBXBuildFile; fileRef = 656AC8672B4F42CD008833C0 /* Inter-BoldItalic.otf */; };
		656AC87B2B4F42CD008833C0 /* Inter-BlackItalic.otf in Resources */ = {isa = PBXBuildFile; fileRef = 656AC8682B4F42CD008833C0 /* Inter-BlackItalic.otf */; };
		656AC87D2B4F50A9008833C0 /* OnboradingLogoVC.swift in Sources */ = {isa = PBXBuildFile; fileRef = 656AC87C2B4F50A9008833C0 /* OnboradingLogoVC.swift */; };
		656AC8852B4F511E008833C0 /* Utilitis.swift in Sources */ = {isa = PBXBuildFile; fileRef = 656AC87E2B4F511D008833C0 /* Utilitis.swift */; };
		656AC8882B4F511E008833C0 /* String+Additions.swift in Sources */ = {isa = PBXBuildFile; fileRef = 656AC8812B4F511E008833C0 /* String+Additions.swift */; };
		656AC88B2B4F511E008833C0 /* UiView+Additions.swift in Sources */ = {isa = PBXBuildFile; fileRef = 656AC8842B4F511E008833C0 /* UiView+Additions.swift */; };
		656AC88E2B4F5132008833C0 /* ColorsExtension.swift in Sources */ = {isa = PBXBuildFile; fileRef = 656AC88D2B4F5132008833C0 /* ColorsExtension.swift */; };
		656AC8AF2B4F516B008833C0 /* Date+Extension.swift in Sources */ = {isa = PBXBuildFile; fileRef = 656AC8902B4F5169008833C0 /* Date+Extension.swift */; };
		656AC8B02B4F516B008833C0 /* UIFont+Extensions.swift in Sources */ = {isa = PBXBuildFile; fileRef = 656AC8912B4F5169008833C0 /* UIFont+Extensions.swift */; };
		656AC8B12B4F516B008833C0 /* UIImage+Extention.swift in Sources */ = {isa = PBXBuildFile; fileRef = 656AC8922B4F5169008833C0 /* UIImage+Extention.swift */; };
		656AC8B22B4F516B008833C0 /* SaudiIDNumberValidator.swift in Sources */ = {isa = PBXBuildFile; fileRef = 656AC8932B4F5169008833C0 /* SaudiIDNumberValidator.swift */; };
		656AC8B32B4F516B008833C0 /* UIView+Additions.swift in Sources */ = {isa = PBXBuildFile; fileRef = 656AC8942B4F5169008833C0 /* UIView+Additions.swift */; };
		656AC8B42B4F516B008833C0 /* UISearchBar+Extension.swift in Sources */ = {isa = PBXBuildFile; fileRef = 656AC8952B4F516A008833C0 /* UISearchBar+Extension.swift */; };
		656AC8B52B4F516B008833C0 /* UIColor+Additions.swift in Sources */ = {isa = PBXBuildFile; fileRef = 656AC8962B4F516A008833C0 /* UIColor+Additions.swift */; };
		656AC8B62B4F516B008833C0 /* Utils.swift in Sources */ = {isa = PBXBuildFile; fileRef = 656AC8972B4F516A008833C0 /* Utils.swift */; };
		656AC8B82B4F516B008833C0 /* UITextView+Extention.swift in Sources */ = {isa = PBXBuildFile; fileRef = 656AC8992B4F516A008833C0 /* UITextView+Extention.swift */; };
		656AC8B92B4F516B008833C0 /* TableView+Extension.swift in Sources */ = {isa = PBXBuildFile; fileRef = 656AC89A2B4F516A008833C0 /* TableView+Extension.swift */; };
		656AC8BB2B4F516B008833C0 /* AppLanguague.swift in Sources */ = {isa = PBXBuildFile; fileRef = 656AC89C2B4F516A008833C0 /* AppLanguague.swift */; };
		656AC8BC2B4F516B008833C0 /* iOSDropDown.swift in Sources */ = {isa = PBXBuildFile; fileRef = 656AC89D2B4F516A008833C0 /* iOSDropDown.swift */; };
		656AC8BD2B4F516B008833C0 /* UIImage+PHImageManager.swift in Sources */ = {isa = PBXBuildFile; fileRef = 656AC89E2B4F516A008833C0 /* UIImage+PHImageManager.swift */; };
		656AC8BE2B4F516B008833C0 /* UICollectionView+TableFlip.swift in Sources */ = {isa = PBXBuildFile; fileRef = 656AC89F2B4F516A008833C0 /* UICollectionView+TableFlip.swift */; };
		656AC8BF2B4F516B008833C0 /* BaseVC.swift in Sources */ = {isa = PBXBuildFile; fileRef = 656AC8A02B4F516A008833C0 /* BaseVC.swift */; };
		656AC8C02B4F516B008833C0 /* PDFDownloadViewController.swift in Sources */ = {isa = PBXBuildFile; fileRef = 656AC8A12B4F516A008833C0 /* PDFDownloadViewController.swift */; };
		656AC8C22B4F516B008833C0 /* UserDefaultManger.swift in Sources */ = {isa = PBXBuildFile; fileRef = 656AC8A32B4F516A008833C0 /* UserDefaultManger.swift */; };
		656AC8C32B4F516B008833C0 /* String+Extension.swift in Sources */ = {isa = PBXBuildFile; fileRef = 656AC8A42B4F516A008833C0 /* String+Extension.swift */; };
		656AC8C42B4F516B008833C0 /* UITextField+Additions.swift in Sources */ = {isa = PBXBuildFile; fileRef = 656AC8A52B4F516A008833C0 /* UITextField+Additions.swift */; };
		656AC8C52B4F516B008833C0 /* CircularProgressBarView.swift in Sources */ = {isa = PBXBuildFile; fileRef = 656AC8A62B4F516A008833C0 /* CircularProgressBarView.swift */; };
		656AC8C62B4F516B008833C0 /* UIViewController+Additions.swift in Sources */ = {isa = PBXBuildFile; fileRef = 656AC8A72B4F516B008833C0 /* UIViewController+Additions.swift */; };
		656AC8C82B4F516B008833C0 /* UIImageView+Kingfisher.swift in Sources */ = {isa = PBXBuildFile; fileRef = 656AC8A92B4F516B008833C0 /* UIImageView+Kingfisher.swift */; };
		656AC8C92B4F516B008833C0 /* UITableView+TableFlip.swift in Sources */ = {isa = PBXBuildFile; fileRef = 656AC8AA2B4F516B008833C0 /* UITableView+TableFlip.swift */; };
		656AC8CA2B4F516B008833C0 /* Animations.swift in Sources */ = {isa = PBXBuildFile; fileRef = 656AC8AB2B4F516B008833C0 /* Animations.swift */; };
		656AC8CB2B4F516B008833C0 /* UIApplication+Extension.swift in Sources */ = {isa = PBXBuildFile; fileRef = 656AC8AC2B4F516B008833C0 /* UIApplication+Extension.swift */; };
		656AC8CC2B4F516B008833C0 /* UILabel+Additions.swift in Sources */ = {isa = PBXBuildFile; fileRef = 656AC8AD2B4F516B008833C0 /* UILabel+Additions.swift */; };
		656AC8CD2B4F516B008833C0 /* BlockTap.swift in Sources */ = {isa = PBXBuildFile; fileRef = 656AC8AE2B4F516B008833C0 /* BlockTap.swift */; };
		656AC8CF2B4F519E008833C0 /* UtilitiesHelper.swift in Sources */ = {isa = PBXBuildFile; fileRef = 656AC8CE2B4F519E008833C0 /* UtilitiesHelper.swift */; };
		656AC8D12B4F51A0008833C0 /* ValidationHelper.swift in Sources */ = {isa = PBXBuildFile; fileRef = 656AC8D02B4F51A0008833C0 /* ValidationHelper.swift */; };
		656AC8D32B4F51A8008833C0 /* UiColor+extensions.swift in Sources */ = {isa = PBXBuildFile; fileRef = 656AC8D22B4F51A8008833C0 /* UiColor+extensions.swift */; };
		656AC8DB2B4F55D8008833C0 /* OnboradingImagesVC.swift in Sources */ = {isa = PBXBuildFile; fileRef = 656AC8DA2B4F55D8008833C0 /* OnboradingImagesVC.swift */; };
		656AC8DD2B4F5710008833C0 /* StartVC.swift in Sources */ = {isa = PBXBuildFile; fileRef = 656AC8DC2B4F5710008833C0 /* StartVC.swift */; };
		656AC8E02B4F5AD6008833C0 /* Localize_Swift in Frameworks */ = {isa = PBXBuildFile; productRef = 656AC8DF2B4F5AD6008833C0 /* Localize_Swift */; };
		656AC8E82B4F5AF3008833C0 /* FittedSheets in Frameworks */ = {isa = PBXBuildFile; productRef = 656AC8E72B4F5AF3008833C0 /* FittedSheets */; };
		656AC8EB2B4F5B04008833C0 /* Kingfisher in Frameworks */ = {isa = PBXBuildFile; productRef = 656AC8EA2B4F5B04008833C0 /* Kingfisher */; };
		656AC8EE2B4F5B2A008833C0 /* IQKeyboardManagerSwift in Frameworks */ = {isa = PBXBuildFile; productRef = 656AC8ED2B4F5B2A008833C0 /* IQKeyboardManagerSwift */; };
		656AC8F12B4F5B45008833C0 /* JVFloatLabeledTextField in Frameworks */ = {isa = PBXBuildFile; productRef = 656AC8F02B4F5B45008833C0 /* JVFloatLabeledTextField */; };
		656AC8F32B4F5C06008833C0 /* UserDefaultConstants.swift in Sources */ = {isa = PBXBuildFile; fileRef = 656AC8F22B4F5C06008833C0 /* UserDefaultConstants.swift */; };
		65953AEA2B79520700C80BB1 /* CategoriesStoryboard.storyboard in Resources */ = {isa = PBXBuildFile; fileRef = 65953AE92B79520700C80BB1 /* CategoriesStoryboard.storyboard */; };
		65953AEE2B79544F00C80BB1 /* CategorisCollectionCell.swift in Sources */ = {isa = PBXBuildFile; fileRef = 65953AEC2B79544F00C80BB1 /* CategorisCollectionCell.swift */; };
		65953AEF2B79544F00C80BB1 /* CategorisCollectionCell.xib in Resources */ = {isa = PBXBuildFile; fileRef = 65953AED2B79544F00C80BB1 /* CategorisCollectionCell.xib */; };
		65953AF22B795A7C00C80BB1 /* CategorisVC.swift in Sources */ = {isa = PBXBuildFile; fileRef = 65953AF12B795A7C00C80BB1 /* CategorisVC.swift */; };
		65984BEC2B5869DB0001CC35 /* HomeStoryboard.storyboard in Resources */ = {isa = PBXBuildFile; fileRef = 65984BEB2B5869DB0001CC35 /* HomeStoryboard.storyboard */; };
		65A0229A2B7C038200E555B7 /* ProdOfCatagories.swift in Sources */ = {isa = PBXBuildFile; fileRef = 65A022992B7C038200E555B7 /* ProdOfCatagories.swift */; };
		65BE9BF62B6722D700735660 /* OrderTableViewCell.swift in Sources */ = {isa = PBXBuildFile; fileRef = 65BE9BF42B6722D700735660 /* OrderTableViewCell.swift */; };
		65BE9BF72B6722D700735660 /* OrderTableViewCell.xib in Resources */ = {isa = PBXBuildFile; fileRef = 65BE9BF52B6722D700735660 /* OrderTableViewCell.xib */; };
		65C8ACCC2B587B6600355BF3 /* homeProdCell.swift in Sources */ = {isa = PBXBuildFile; fileRef = 65C8ACCA2B587B6600355BF3 /* homeProdCell.swift */; };
		65C8ACCD2B587B6600355BF3 /* homeProdCell.xib in Resources */ = {isa = PBXBuildFile; fileRef = 65C8ACCB2B587B6600355BF3 /* homeProdCell.xib */; };
		65D718FE2B66917C00DA3F54 /* HomeTableViewCell.swift in Sources */ = {isa = PBXBuildFile; fileRef = 65D718FC2B66917C00DA3F54 /* HomeTableViewCell.swift */; };
		65D718FF2B66917C00DA3F54 /* HomeTableViewCell.xib in Resources */ = {isa = PBXBuildFile; fileRef = 65D718FD2B66917C00DA3F54 /* HomeTableViewCell.xib */; };
		65D719012B6697E500DA3F54 /* HomeVC.swift in Sources */ = {isa = PBXBuildFile; fileRef = 65D719002B6697E500DA3F54 /* HomeVC.swift */; };
		65D92A492B68645C0024501A /* OrdersVC.swift in Sources */ = {isa = PBXBuildFile; fileRef = 65D92A482B68645C0024501A /* OrdersVC.swift */; };
		65D92A4B2B68646C0024501A /* OrdersStoryboard.storyboard in Resources */ = {isa = PBXBuildFile; fileRef = 65D92A4A2B68646C0024501A /* OrdersStoryboard.storyboard */; };
		65D92A4E2B6866D70024501A /* ordersTypeHomeCollectionCell.swift in Sources */ = {isa = PBXBuildFile; fileRef = 65D92A4C2B6866D70024501A /* ordersTypeHomeCollectionCell.swift */; };
		65D92A4F2B6866D70024501A /* ordersTypeHomeCollectionCell.xib in Resources */ = {isa = PBXBuildFile; fileRef = 65D92A4D2B6866D70024501A /* ordersTypeHomeCollectionCell.xib */; };
		65D92A522B6867C40024501A /* OrdersPageTableViewCell.swift in Sources */ = {isa = PBXBuildFile; fileRef = 65D92A502B6867C40024501A /* OrdersPageTableViewCell.swift */; };
		65D92A532B6867C40024501A /* OrdersPageTableViewCell.xib in Resources */ = {isa = PBXBuildFile; fileRef = 65D92A512B6867C40024501A /* OrdersPageTableViewCell.xib */; };
		65FF8F8D2B671C77007C1D26 /* AddToOrderVC.swift in Sources */ = {isa = PBXBuildFile; fileRef = 65FF8F8C2B671C77007C1D26 /* AddToOrderVC.swift */; };
/* End PBXBuildFile section */

/* Begin PBXFileReference section */
		65075D0F2B72C4B30077EBB3 /* MainTabBar.storyboard */ = {isa = PBXFileReference; fileEncoding = 4; lastKnownFileType = file.storyboard; path = MainTabBar.storyboard; sourceTree = "<group>"; };
		65075D102B72C4B30077EBB3 /* MainTabBarVC.swift */ = {isa = PBXFileReference; fileEncoding = 4; lastKnownFileType = sourcecode.swift; path = MainTabBarVC.swift; sourceTree = "<group>"; };
		650BAD3F2B7BD12700071AAA /* CategorisInteractor.swift */ = {isa = PBXFileReference; lastKnownFileType = sourcecode.swift; path = CategorisInteractor.swift; sourceTree = "<group>"; };
		650BAD412B7BD8E700071AAA /* MyHeaderCollectionReusableView.swift */ = {isa = PBXFileReference; lastKnownFileType = sourcecode.swift; path = MyHeaderCollectionReusableView.swift; sourceTree = "<group>"; };
		650BAD422B7BD8E700071AAA /* MyHeaderCollectionReusableView.xib */ = {isa = PBXFileReference; lastKnownFileType = file.xib; path = MyHeaderCollectionReusableView.xib; sourceTree = "<group>"; };
		650BAD462B7C006400071AAA /* ProdOfCatogriesCollectionsCell.swift */ = {isa = PBXFileReference; lastKnownFileType = sourcecode.swift; path = ProdOfCatogriesCollectionsCell.swift; sourceTree = "<group>"; };
		650BAD472B7C006400071AAA /* ProdOfCatogriesCollectionsCell.xib */ = {isa = PBXFileReference; lastKnownFileType = file.xib; path = ProdOfCatogriesCollectionsCell.xib; sourceTree = "<group>"; };
		65213B3B2B67289B0058B0A4 /* SelectOrderVC.swift */ = {isa = PBXFileReference; lastKnownFileType = sourcecode.swift; path = SelectOrderVC.swift; sourceTree = "<group>"; };
		65273C7F2B66C9AC008FAF39 /* ArticleCollectionViewCell.swift */ = {isa = PBXFileReference; lastKnownFileType = sourcecode.swift; path = ArticleCollectionViewCell.swift; sourceTree = "<group>"; };
		65273C802B66C9AC008FAF39 /* ArticleCollectionViewCell.xib */ = {isa = PBXFileReference; lastKnownFileType = file.xib; path = ArticleCollectionViewCell.xib; sourceTree = "<group>"; };
		65273C832B66DED8008FAF39 /* ProductsMenuVC.swift */ = {isa = PBXFileReference; lastKnownFileType = sourcecode.swift; path = ProductsMenuVC.swift; sourceTree = "<group>"; };
		65273C852B66E0CB008FAF39 /* ProductsMenuTableViewCell.swift */ = {isa = PBXFileReference; lastKnownFileType = sourcecode.swift; path = ProductsMenuTableViewCell.swift; sourceTree = "<group>"; };
		65273C862B66E0CB008FAF39 /* ProductsMenuTableViewCell.xib */ = {isa = PBXFileReference; lastKnownFileType = file.xib; path = ProductsMenuTableViewCell.xib; sourceTree = "<group>"; };
		65458FB22B4EC82200434664 /* Breeza.app */ = {isa = PBXFileReference; explicitFileType = wrapper.application; includeInIndex = 0; path = Breeza.app; sourceTree = BUILT_PRODUCTS_DIR; };
		65458FB52B4EC82200434664 /* AppDelegate.swift */ = {isa = PBXFileReference; lastKnownFileType = sourcecode.swift; path = AppDelegate.swift; sourceTree = "<group>"; };
		65458FBE2B4EC82400434664 /* Assets.xcassets */ = {isa = PBXFileReference; lastKnownFileType = folder.assetcatalog; path = Assets.xcassets; sourceTree = "<group>"; };
		65458FC32B4EC82400434664 /* Info.plist */ = {isa = PBXFileReference; lastKnownFileType = text.plist.xml; path = Info.plist; sourceTree = "<group>"; };
		65458FCC2B4EC8BE00434664 /* OnboardingStoryboard.storyboard */ = {isa = PBXFileReference; lastKnownFileType = file.storyboard; path = OnboardingStoryboard.storyboard; sourceTree = "<group>"; };
		6559BF6F2B75593B00CE8F83 /* HomeInteractor.swift */ = {isa = PBXFileReference; lastKnownFileType = sourcecode.swift; path = HomeInteractor.swift; sourceTree = "<group>"; };
		6559BF712B755C4E00CE8F83 /* homeProductsModel.swift */ = {isa = PBXFileReference; lastKnownFileType = sourcecode.swift; path = homeProductsModel.swift; sourceTree = "<group>"; };
		6559BF742B793CDA00CE8F83 /* HomePresenter.swift */ = {isa = PBXFileReference; lastKnownFileType = sourcecode.swift; path = HomePresenter.swift; sourceTree = "<group>"; };
		655FFE8B2B672C9500A1EB0C /* ItemAddedPopUp.swift */ = {isa = PBXFileReference; lastKnownFileType = sourcecode.swift; path = ItemAddedPopUp.swift; sourceTree = "<group>"; };
		6566F6ED2B581402000EC918 /* LoginVC.swift */ = {isa = PBXFileReference; lastKnownFileType = sourcecode.swift; path = LoginVC.swift; sourceTree = "<group>"; };
		6566F6EF2B581485000EC918 /* AuthPresenter.swift */ = {isa = PBXFileReference; lastKnownFileType = sourcecode.swift; path = AuthPresenter.swift; sourceTree = "<group>"; };
		6566F6F12B5828CE000EC918 /* NetwrokManger.swift */ = {isa = PBXFileReference; lastKnownFileType = sourcecode.swift; path = NetwrokManger.swift; sourceTree = "<group>"; };
		6566F6F62B58293F000EC918 /* ErrorResponse.swift */ = {isa = PBXFileReference; lastKnownFileType = sourcecode.swift; path = ErrorResponse.swift; sourceTree = "<group>"; };
		656AC8562B4F42CC008833C0 /* Inter-Light-BETA.otf */ = {isa = PBXFileReference; lastKnownFileType = file; path = "Inter-Light-BETA.otf"; sourceTree = "<group>"; };
		656AC8572B4F42CC008833C0 /* Inter-Regular.otf */ = {isa = PBXFileReference; lastKnownFileType = file; path = "Inter-Regular.otf"; sourceTree = "<group>"; };
		656AC8582B4F42CC008833C0 /* Inter-Medium.otf */ = {isa = PBXFileReference; lastKnownFileType = file; path = "Inter-Medium.otf"; sourceTree = "<group>"; };
		656AC8592B4F42CC008833C0 /* Inter-ExtraLight-BETA.otf */ = {isa = PBXFileReference; lastKnownFileType = file; path = "Inter-ExtraLight-BETA.otf"; sourceTree = "<group>"; };
		656AC85A2B4F42CC008833C0 /* Inter-Black.otf */ = {isa = PBXFileReference; lastKnownFileType = file; path = "Inter-Black.otf"; sourceTree = "<group>"; };
		656AC85B2B4F42CD008833C0 /* Inter-ExtraBold.otf */ = {isa = PBXFileReference; lastKnownFileType = file; path = "Inter-ExtraBold.otf"; sourceTree = "<group>"; };
		656AC85C2B4F42CD008833C0 /* Inter-ExtraLightItalic-BETA.otf */ = {isa = PBXFileReference; lastKnownFileType = file; path = "Inter-ExtraLightItalic-BETA.otf"; sourceTree = "<group>"; };
		656AC85D2B4F42CD008833C0 /* Inter-Bold.otf */ = {isa = PBXFileReference; lastKnownFileType = file; path = "Inter-Bold.otf"; sourceTree = "<group>"; };
		656AC85E2B4F42CD008833C0 /* Inter-LightItalic-BETA.otf */ = {isa = PBXFileReference; lastKnownFileType = file; path = "Inter-LightItalic-BETA.otf"; sourceTree = "<group>"; };
		656AC85F2B4F42CD008833C0 /* Inter-MediumItalic.otf */ = {isa = PBXFileReference; lastKnownFileType = file; path = "Inter-MediumItalic.otf"; sourceTree = "<group>"; };
		656AC8602B4F42CD008833C0 /* Inter-SemiBoldItalic.otf */ = {isa = PBXFileReference; lastKnownFileType = file; path = "Inter-SemiBoldItalic.otf"; sourceTree = "<group>"; };
		656AC8612B4F42CD008833C0 /* Inter-ExtraBoldItalic.otf */ = {isa = PBXFileReference; lastKnownFileType = file; path = "Inter-ExtraBoldItalic.otf"; sourceTree = "<group>"; };
		656AC8622B4F42CD008833C0 /* Inter-SemiBold.otf */ = {isa = PBXFileReference; lastKnownFileType = file; path = "Inter-SemiBold.otf"; sourceTree = "<group>"; };
		656AC8632B4F42CD008833C0 /* Inter-Thin-BETA.otf */ = {isa = PBXFileReference; lastKnownFileType = file; path = "Inter-Thin-BETA.otf"; sourceTree = "<group>"; };
		656AC8642B4F42CD008833C0 /* Inter-ThinItalic-BETA.otf */ = {isa = PBXFileReference; lastKnownFileType = file; path = "Inter-ThinItalic-BETA.otf"; sourceTree = "<group>"; };
		656AC8652B4F42CD008833C0 /* Inter[slnt,wght].ttf */ = {isa = PBXFileReference; lastKnownFileType = file; path = "Inter[slnt,wght].ttf"; sourceTree = "<group>"; };
		656AC8662B4F42CD008833C0 /* Inter-Italic.otf */ = {isa = PBXFileReference; lastKnownFileType = file; path = "Inter-Italic.otf"; sourceTree = "<group>"; };
		656AC8672B4F42CD008833C0 /* Inter-BoldItalic.otf */ = {isa = PBXFileReference; lastKnownFileType = file; path = "Inter-BoldItalic.otf"; sourceTree = "<group>"; };
		656AC8682B4F42CD008833C0 /* Inter-BlackItalic.otf */ = {isa = PBXFileReference; lastKnownFileType = file; path = "Inter-BlackItalic.otf"; sourceTree = "<group>"; };
		656AC87C2B4F50A9008833C0 /* OnboradingLogoVC.swift */ = {isa = PBXFileReference; lastKnownFileType = sourcecode.swift; path = OnboradingLogoVC.swift; sourceTree = "<group>"; };
		656AC87E2B4F511D008833C0 /* Utilitis.swift */ = {isa = PBXFileReference; fileEncoding = 4; lastKnownFileType = sourcecode.swift; path = Utilitis.swift; sourceTree = "<group>"; };
		656AC8812B4F511E008833C0 /* String+Additions.swift */ = {isa = PBXFileReference; fileEncoding = 4; lastKnownFileType = sourcecode.swift; path = "String+Additions.swift"; sourceTree = "<group>"; };
		656AC8842B4F511E008833C0 /* UiView+Additions.swift */ = {isa = PBXFileReference; fileEncoding = 4; lastKnownFileType = sourcecode.swift; name = "UiView+Additions.swift"; path = "../UiView+Additions.swift"; sourceTree = "<group>"; };
		656AC88D2B4F5132008833C0 /* ColorsExtension.swift */ = {isa = PBXFileReference; fileEncoding = 4; lastKnownFileType = sourcecode.swift; path = ColorsExtension.swift; sourceTree = "<group>"; };
		656AC8902B4F5169008833C0 /* Date+Extension.swift */ = {isa = PBXFileReference; fileEncoding = 4; lastKnownFileType = sourcecode.swift; path = "Date+Extension.swift"; sourceTree = "<group>"; };
		656AC8912B4F5169008833C0 /* UIFont+Extensions.swift */ = {isa = PBXFileReference; fileEncoding = 4; lastKnownFileType = sourcecode.swift; path = "UIFont+Extensions.swift"; sourceTree = "<group>"; };
		656AC8922B4F5169008833C0 /* UIImage+Extention.swift */ = {isa = PBXFileReference; fileEncoding = 4; lastKnownFileType = sourcecode.swift; path = "UIImage+Extention.swift"; sourceTree = "<group>"; };
		656AC8932B4F5169008833C0 /* SaudiIDNumberValidator.swift */ = {isa = PBXFileReference; fileEncoding = 4; lastKnownFileType = sourcecode.swift; path = SaudiIDNumberValidator.swift; sourceTree = "<group>"; };
		656AC8942B4F5169008833C0 /* UIView+Additions.swift */ = {isa = PBXFileReference; fileEncoding = 4; lastKnownFileType = sourcecode.swift; path = "UIView+Additions.swift"; sourceTree = "<group>"; };
		656AC8952B4F516A008833C0 /* UISearchBar+Extension.swift */ = {isa = PBXFileReference; fileEncoding = 4; lastKnownFileType = sourcecode.swift; path = "UISearchBar+Extension.swift"; sourceTree = "<group>"; };
		656AC8962B4F516A008833C0 /* UIColor+Additions.swift */ = {isa = PBXFileReference; fileEncoding = 4; lastKnownFileType = sourcecode.swift; path = "UIColor+Additions.swift"; sourceTree = "<group>"; };
		656AC8972B4F516A008833C0 /* Utils.swift */ = {isa = PBXFileReference; fileEncoding = 4; lastKnownFileType = sourcecode.swift; path = Utils.swift; sourceTree = "<group>"; };
		656AC8992B4F516A008833C0 /* UITextView+Extention.swift */ = {isa = PBXFileReference; fileEncoding = 4; lastKnownFileType = sourcecode.swift; path = "UITextView+Extention.swift"; sourceTree = "<group>"; };
		656AC89A2B4F516A008833C0 /* TableView+Extension.swift */ = {isa = PBXFileReference; fileEncoding = 4; lastKnownFileType = sourcecode.swift; path = "TableView+Extension.swift"; sourceTree = "<group>"; };
		656AC89C2B4F516A008833C0 /* AppLanguague.swift */ = {isa = PBXFileReference; fileEncoding = 4; lastKnownFileType = sourcecode.swift; path = AppLanguague.swift; sourceTree = "<group>"; };
		656AC89D2B4F516A008833C0 /* iOSDropDown.swift */ = {isa = PBXFileReference; fileEncoding = 4; lastKnownFileType = sourcecode.swift; path = iOSDropDown.swift; sourceTree = "<group>"; };
		656AC89E2B4F516A008833C0 /* UIImage+PHImageManager.swift */ = {isa = PBXFileReference; fileEncoding = 4; lastKnownFileType = sourcecode.swift; path = "UIImage+PHImageManager.swift"; sourceTree = "<group>"; };
		656AC89F2B4F516A008833C0 /* UICollectionView+TableFlip.swift */ = {isa = PBXFileReference; fileEncoding = 4; lastKnownFileType = sourcecode.swift; path = "UICollectionView+TableFlip.swift"; sourceTree = "<group>"; };
		656AC8A02B4F516A008833C0 /* BaseVC.swift */ = {isa = PBXFileReference; fileEncoding = 4; lastKnownFileType = sourcecode.swift; path = BaseVC.swift; sourceTree = "<group>"; };
		656AC8A12B4F516A008833C0 /* PDFDownloadViewController.swift */ = {isa = PBXFileReference; fileEncoding = 4; lastKnownFileType = sourcecode.swift; path = PDFDownloadViewController.swift; sourceTree = "<group>"; };
		656AC8A32B4F516A008833C0 /* UserDefaultManger.swift */ = {isa = PBXFileReference; fileEncoding = 4; lastKnownFileType = sourcecode.swift; path = UserDefaultManger.swift; sourceTree = "<group>"; };
		656AC8A42B4F516A008833C0 /* String+Extension.swift */ = {isa = PBXFileReference; fileEncoding = 4; lastKnownFileType = sourcecode.swift; path = "String+Extension.swift"; sourceTree = "<group>"; };
		656AC8A52B4F516A008833C0 /* UITextField+Additions.swift */ = {isa = PBXFileReference; fileEncoding = 4; lastKnownFileType = sourcecode.swift; path = "UITextField+Additions.swift"; sourceTree = "<group>"; };
		656AC8A62B4F516A008833C0 /* CircularProgressBarView.swift */ = {isa = PBXFileReference; fileEncoding = 4; lastKnownFileType = sourcecode.swift; path = CircularProgressBarView.swift; sourceTree = "<group>"; };
		656AC8A72B4F516B008833C0 /* UIViewController+Additions.swift */ = {isa = PBXFileReference; fileEncoding = 4; lastKnownFileType = sourcecode.swift; path = "UIViewController+Additions.swift"; sourceTree = "<group>"; };
		656AC8A92B4F516B008833C0 /* UIImageView+Kingfisher.swift */ = {isa = PBXFileReference; fileEncoding = 4; lastKnownFileType = sourcecode.swift; path = "UIImageView+Kingfisher.swift"; sourceTree = "<group>"; };
		656AC8AA2B4F516B008833C0 /* UITableView+TableFlip.swift */ = {isa = PBXFileReference; fileEncoding = 4; lastKnownFileType = sourcecode.swift; path = "UITableView+TableFlip.swift"; sourceTree = "<group>"; };
		656AC8AB2B4F516B008833C0 /* Animations.swift */ = {isa = PBXFileReference; fileEncoding = 4; lastKnownFileType = sourcecode.swift; path = Animations.swift; sourceTree = "<group>"; };
		656AC8AC2B4F516B008833C0 /* UIApplication+Extension.swift */ = {isa = PBXFileReference; fileEncoding = 4; lastKnownFileType = sourcecode.swift; path = "UIApplication+Extension.swift"; sourceTree = "<group>"; };
		656AC8AD2B4F516B008833C0 /* UILabel+Additions.swift */ = {isa = PBXFileReference; fileEncoding = 4; lastKnownFileType = sourcecode.swift; path = "UILabel+Additions.swift"; sourceTree = "<group>"; };
		656AC8AE2B4F516B008833C0 /* BlockTap.swift */ = {isa = PBXFileReference; fileEncoding = 4; lastKnownFileType = sourcecode.swift; path = BlockTap.swift; sourceTree = "<group>"; };
		656AC8CE2B4F519E008833C0 /* UtilitiesHelper.swift */ = {isa = PBXFileReference; lastKnownFileType = sourcecode.swift; path = UtilitiesHelper.swift; sourceTree = "<group>"; };
		656AC8D02B4F51A0008833C0 /* ValidationHelper.swift */ = {isa = PBXFileReference; lastKnownFileType = sourcecode.swift; path = ValidationHelper.swift; sourceTree = "<group>"; };
		656AC8D22B4F51A8008833C0 /* UiColor+extensions.swift */ = {isa = PBXFileReference; lastKnownFileType = sourcecode.swift; path = "UiColor+extensions.swift"; sourceTree = "<group>"; };
		656AC8D72B4F51FB008833C0 /* Localizable.strings */ = {isa = PBXFileReference; lastKnownFileType = text.plist.strings; path = Localizable.strings; sourceTree = "<group>"; };
		656AC8D92B4F5201008833C0 /* en */ = {isa = PBXFileReference; lastKnownFileType = text.plist.strings; name = en; path = Breeza/Assets/Loclization/en.lproj/Localizable.strings; sourceTree = SOURCE_ROOT; };
		656AC8DA2B4F55D8008833C0 /* OnboradingImagesVC.swift */ = {isa = PBXFileReference; lastKnownFileType = sourcecode.swift; path = OnboradingImagesVC.swift; sourceTree = "<group>"; };
		656AC8DC2B4F5710008833C0 /* StartVC.swift */ = {isa = PBXFileReference; lastKnownFileType = sourcecode.swift; path = StartVC.swift; sourceTree = "<group>"; };
		656AC8F22B4F5C06008833C0 /* UserDefaultConstants.swift */ = {isa = PBXFileReference; lastKnownFileType = sourcecode.swift; path = UserDefaultConstants.swift; sourceTree = "<group>"; };
		65953AE92B79520700C80BB1 /* CategoriesStoryboard.storyboard */ = {isa = PBXFileReference; lastKnownFileType = file.storyboard; path = CategoriesStoryboard.storyboard; sourceTree = "<group>"; };
		65953AEC2B79544F00C80BB1 /* CategorisCollectionCell.swift */ = {isa = PBXFileReference; lastKnownFileType = sourcecode.swift; path = CategorisCollectionCell.swift; sourceTree = "<group>"; };
		65953AED2B79544F00C80BB1 /* CategorisCollectionCell.xib */ = {isa = PBXFileReference; lastKnownFileType = file.xib; path = CategorisCollectionCell.xib; sourceTree = "<group>"; };
		65953AF12B795A7C00C80BB1 /* CategorisVC.swift */ = {isa = PBXFileReference; lastKnownFileType = sourcecode.swift; path = CategorisVC.swift; sourceTree = "<group>"; };
		65984BEB2B5869DB0001CC35 /* HomeStoryboard.storyboard */ = {isa = PBXFileReference; lastKnownFileType = file.storyboard; path = HomeStoryboard.storyboard; sourceTree = "<group>"; };
		65A022992B7C038200E555B7 /* ProdOfCatagories.swift */ = {isa = PBXFileReference; lastKnownFileType = sourcecode.swift; path = ProdOfCatagories.swift; sourceTree = "<group>"; };
		65BE9BF42B6722D700735660 /* OrderTableViewCell.swift */ = {isa = PBXFileReference; lastKnownFileType = sourcecode.swift; path = OrderTableViewCell.swift; sourceTree = "<group>"; };
		65BE9BF52B6722D700735660 /* OrderTableViewCell.xib */ = {isa = PBXFileReference; lastKnownFileType = file.xib; path = OrderTableViewCell.xib; sourceTree = "<group>"; };
		65C8ACCA2B587B6600355BF3 /* homeProdCell.swift */ = {isa = PBXFileReference; lastKnownFileType = sourcecode.swift; path = homeProdCell.swift; sourceTree = "<group>"; };
		65C8ACCB2B587B6600355BF3 /* homeProdCell.xib */ = {isa = PBXFileReference; lastKnownFileType = file.xib; path = homeProdCell.xib; sourceTree = "<group>"; };
		65D718FC2B66917C00DA3F54 /* HomeTableViewCell.swift */ = {isa = PBXFileReference; lastKnownFileType = sourcecode.swift; path = HomeTableViewCell.swift; sourceTree = "<group>"; };
		65D718FD2B66917C00DA3F54 /* HomeTableViewCell.xib */ = {isa = PBXFileReference; lastKnownFileType = file.xib; path = HomeTableViewCell.xib; sourceTree = "<group>"; };
		65D719002B6697E500DA3F54 /* HomeVC.swift */ = {isa = PBXFileReference; lastKnownFileType = sourcecode.swift; path = HomeVC.swift; sourceTree = "<group>"; };
		65D92A482B68645C0024501A /* OrdersVC.swift */ = {isa = PBXFileReference; lastKnownFileType = sourcecode.swift; path = OrdersVC.swift; sourceTree = "<group>"; };
		65D92A4A2B68646C0024501A /* OrdersStoryboard.storyboard */ = {isa = PBXFileReference; lastKnownFileType = file.storyboard; path = OrdersStoryboard.storyboard; sourceTree = "<group>"; };
		65D92A4C2B6866D70024501A /* ordersTypeHomeCollectionCell.swift */ = {isa = PBXFileReference; lastKnownFileType = sourcecode.swift; path = ordersTypeHomeCollectionCell.swift; sourceTree = "<group>"; };
		65D92A4D2B6866D70024501A /* ordersTypeHomeCollectionCell.xib */ = {isa = PBXFileReference; lastKnownFileType = file.xib; path = ordersTypeHomeCollectionCell.xib; sourceTree = "<group>"; };
		65D92A502B6867C40024501A /* OrdersPageTableViewCell.swift */ = {isa = PBXFileReference; lastKnownFileType = sourcecode.swift; path = OrdersPageTableViewCell.swift; sourceTree = "<group>"; };
		65D92A512B6867C40024501A /* OrdersPageTableViewCell.xib */ = {isa = PBXFileReference; lastKnownFileType = file.xib; path = OrdersPageTableViewCell.xib; sourceTree = "<group>"; };
		65FF8F8C2B671C77007C1D26 /* AddToOrderVC.swift */ = {isa = PBXFileReference; lastKnownFileType = sourcecode.swift; path = AddToOrderVC.swift; sourceTree = "<group>"; };
/* End PBXFileReference section */

/* Begin PBXFrameworksBuildPhase section */
		65458FAF2B4EC82200434664 /* Frameworks */ = {
			isa = PBXFrameworksBuildPhase;
			buildActionMask = 2147483647;
			files = (
				656AC8E82B4F5AF3008833C0 /* FittedSheets in Frameworks */,
				656AC8E02B4F5AD6008833C0 /* Localize_Swift in Frameworks */,
				656AC8F12B4F5B45008833C0 /* JVFloatLabeledTextField in Frameworks */,
				6566F6F52B5828F8000EC918 /* Alamofire in Frameworks */,
				656AC8EB2B4F5B04008833C0 /* Kingfisher in Frameworks */,
				656AC8EE2B4F5B2A008833C0 /* IQKeyboardManagerSwift in Frameworks */,
			);
			runOnlyForDeploymentPostprocessing = 0;
		};
/* End PBXFrameworksBuildPhase section */

/* Begin PBXGroup section */
		65075D0E2B72C4A80077EBB3 /* Tabbar */ = {
			isa = PBXGroup;
			children = (
				65075D0F2B72C4B30077EBB3 /* MainTabBar.storyboard */,
				65075D102B72C4B30077EBB3 /* MainTabBarVC.swift */,
			);
			path = Tabbar;
			sourceTree = "<group>";
		};
		650BAD3E2B7BD10500071AAA /* CatigorisInteractor */ = {
			isa = PBXGroup;
			children = (
				650BAD3F2B7BD12700071AAA /* CategorisInteractor.swift */,
			);
			path = CatigorisInteractor;
			sourceTree = "<group>";
		};
		650BAD452B7C002900071AAA /* ProdOfCatogriesCollectionsCell */ = {
			isa = PBXGroup;
			children = (
				650BAD462B7C006400071AAA /* ProdOfCatogriesCollectionsCell.swift */,
				650BAD472B7C006400071AAA /* ProdOfCatogriesCollectionsCell.xib */,
			);
			path = ProdOfCatogriesCollectionsCell;
			sourceTree = "<group>";
		};
		65458FA92B4EC82200434664 = {
			isa = PBXGroup;
			children = (
				65458FB42B4EC82200434664 /* Breeza */,
				65458FB32B4EC82200434664 /* Products */,
			);
			sourceTree = "<group>";
		};
		65458FB32B4EC82200434664 /* Products */ = {
			isa = PBXGroup;
			children = (
				65458FB22B4EC82200434664 /* Breeza.app */,
			);
			name = Products;
			sourceTree = "<group>";
		};
		65458FB42B4EC82200434664 /* Breeza */ = {
			isa = PBXGroup;
			children = (
				65458FB52B4EC82200434664 /* AppDelegate.swift */,
				656AC8542B4F42B0008833C0 /* Assets */,
				65458FCB2B4EC87200434664 /* NetworkLayer */,
				65458FC92B4EC84700434664 /* Features */,
				65458FC32B4EC82400434664 /* Info.plist */,
			);
			path = Breeza;
			sourceTree = "<group>";
		};
		65458FC92B4EC84700434664 /* Features */ = {
			isa = PBXGroup;
			children = (
				65953AE72B79510C00C80BB1 /* Categories */,
				65075D0E2B72C4A80077EBB3 /* Tabbar */,
				65D92A462B6864030024501A /* Orders */,
				65984BEA2B5869CB0001CC35 /* Home */,
				6566F6EC2B5810E6000EC918 /* Login */,
				65458FCA2B4EC85500434664 /* Intro */,
			);
			path = Features;
			sourceTree = "<group>";
		};
		65458FCA2B4EC85500434664 /* Intro */ = {
			isa = PBXGroup;
			children = (
				65458FCC2B4EC8BE00434664 /* OnboardingStoryboard.storyboard */,
				656AC87C2B4F50A9008833C0 /* OnboradingLogoVC.swift */,
				656AC8DA2B4F55D8008833C0 /* OnboradingImagesVC.swift */,
				656AC8DC2B4F5710008833C0 /* StartVC.swift */,
			);
			path = Intro;
			sourceTree = "<group>";
		};
		65458FCB2B4EC87200434664 /* NetworkLayer */ = {
			isa = PBXGroup;
			children = (
				656AC8F22B4F5C06008833C0 /* UserDefaultConstants.swift */,
				6566F6F12B5828CE000EC918 /* NetwrokManger.swift */,
				6566F6F62B58293F000EC918 /* ErrorResponse.swift */,
			);
			path = NetworkLayer;
			sourceTree = "<group>";
		};
		6559BF632B7556C700CE8F83 /* View */ = {
			isa = PBXGroup;
			children = (
				6559BF682B75578200CE8F83 /* HomeVC */,
				6559BF6A2B7557A200CE8F83 /* AddToOrderVC */,
				6559BF672B75577A00CE8F83 /* ProductsMenuVC */,
			);
			path = View;
			sourceTree = "<group>";
		};
		6559BF642B75574500CE8F83 /* homeProdCell */ = {
			isa = PBXGroup;
			children = (
				65C8ACCA2B587B6600355BF3 /* homeProdCell.swift */,
				65C8ACCB2B587B6600355BF3 /* homeProdCell.xib */,
			);
			path = homeProdCell;
			sourceTree = "<group>";
		};
		6559BF652B75575400CE8F83 /* HomeTableViewCell */ = {
			isa = PBXGroup;
			children = (
				65D718FC2B66917C00DA3F54 /* HomeTableViewCell.swift */,
				65D718FD2B66917C00DA3F54 /* HomeTableViewCell.xib */,
			);
			path = HomeTableViewCell;
			sourceTree = "<group>";
		};
		6559BF662B75575C00CE8F83 /* ArticleCollectionViewCell */ = {
			isa = PBXGroup;
			children = (
				65273C7F2B66C9AC008FAF39 /* ArticleCollectionViewCell.swift */,
				65273C802B66C9AC008FAF39 /* ArticleCollectionViewCell.xib */,
			);
			path = ArticleCollectionViewCell;
			sourceTree = "<group>";
		};
		6559BF672B75577A00CE8F83 /* ProductsMenuVC */ = {
			isa = PBXGroup;
			children = (
				6559BF692B75579300CE8F83 /* ProductsMenuTableViewCell */,
				65273C832B66DED8008FAF39 /* ProductsMenuVC.swift */,
			);
			path = ProductsMenuVC;
			sourceTree = "<group>";
		};
		6559BF682B75578200CE8F83 /* HomeVC */ = {
			isa = PBXGroup;
			children = (
				6559BF732B755C5D00CE8F83 /* Models */,
				6559BF6D2B7558B900CE8F83 /* HomeInteractor */,
				6559BF6C2B75580C00CE8F83 /* HomePresenter */,
				65D719002B6697E500DA3F54 /* HomeVC.swift */,
				6559BF662B75575C00CE8F83 /* ArticleCollectionViewCell */,
				6559BF652B75575400CE8F83 /* HomeTableViewCell */,
				6559BF642B75574500CE8F83 /* homeProdCell */,
			);
			path = HomeVC;
			sourceTree = "<group>";
		};
		6559BF692B75579300CE8F83 /* ProductsMenuTableViewCell */ = {
			isa = PBXGroup;
			children = (
				65273C852B66E0CB008FAF39 /* ProductsMenuTableViewCell.swift */,
				65273C862B66E0CB008FAF39 /* ProductsMenuTableViewCell.xib */,
			);
			path = ProductsMenuTableViewCell;
			sourceTree = "<group>";
		};
		6559BF6A2B7557A200CE8F83 /* AddToOrderVC */ = {
			isa = PBXGroup;
			children = (
				655FFE8B2B672C9500A1EB0C /* ItemAddedPopUp.swift */,
				65213B3B2B67289B0058B0A4 /* SelectOrderVC.swift */,
				65FF8F8C2B671C77007C1D26 /* AddToOrderVC.swift */,
				6559BF6B2B7557B300CE8F83 /* OrderTableViewCell */,
			);
			path = AddToOrderVC;
			sourceTree = "<group>";
		};
		6559BF6B2B7557B300CE8F83 /* OrderTableViewCell */ = {
			isa = PBXGroup;
			children = (
				65BE9BF42B6722D700735660 /* OrderTableViewCell.swift */,
				65BE9BF52B6722D700735660 /* OrderTableViewCell.xib */,
			);
			path = OrderTableViewCell;
			sourceTree = "<group>";
		};
		6559BF6C2B75580C00CE8F83 /* HomePresenter */ = {
			isa = PBXGroup;
			children = (
				6559BF742B793CDA00CE8F83 /* HomePresenter.swift */,
			);
			path = HomePresenter;
			sourceTree = "<group>";
		};
		6559BF6D2B7558B900CE8F83 /* HomeInteractor */ = {
			isa = PBXGroup;
			children = (
				6559BF6F2B75593B00CE8F83 /* HomeInteractor.swift */,
			);
			path = HomeInteractor;
			sourceTree = "<group>";
		};
		6559BF732B755C5D00CE8F83 /* Models */ = {
			isa = PBXGroup;
			children = (
				6559BF712B755C4E00CE8F83 /* homeProductsModel.swift */,
			);
			path = Models;
			sourceTree = "<group>";
		};
		6566F6EC2B5810E6000EC918 /* Login */ = {
			isa = PBXGroup;
			children = (
				6566F6ED2B581402000EC918 /* LoginVC.swift */,
				6566F6EF2B581485000EC918 /* AuthPresenter.swift */,
			);
			path = Login;
			sourceTree = "<group>";
		};
		656AC8542B4F42B0008833C0 /* Assets */ = {
			isa = PBXGroup;
			children = (
				65458FBE2B4EC82400434664 /* Assets.xcassets */,
				656AC88F2B4F5159008833C0 /* Extension */,
				656AC8552B4F42B7008833C0 /* Fonts */,
			);
			path = Assets;
			sourceTree = "<group>";
		};
		656AC8552B4F42B7008833C0 /* Fonts */ = {
			isa = PBXGroup;
			children = (
				656AC85A2B4F42CC008833C0 /* Inter-Black.otf */,
				656AC8682B4F42CD008833C0 /* Inter-BlackItalic.otf */,
				656AC85D2B4F42CD008833C0 /* Inter-Bold.otf */,
				656AC8672B4F42CD008833C0 /* Inter-BoldItalic.otf */,
				656AC85B2B4F42CD008833C0 /* Inter-ExtraBold.otf */,
				656AC8612B4F42CD008833C0 /* Inter-ExtraBoldItalic.otf */,
				656AC8592B4F42CC008833C0 /* Inter-ExtraLight-BETA.otf */,
				656AC85C2B4F42CD008833C0 /* Inter-ExtraLightItalic-BETA.otf */,
				656AC8662B4F42CD008833C0 /* Inter-Italic.otf */,
				656AC8562B4F42CC008833C0 /* Inter-Light-BETA.otf */,
				656AC85E2B4F42CD008833C0 /* Inter-LightItalic-BETA.otf */,
				656AC8582B4F42CC008833C0 /* Inter-Medium.otf */,
				656AC85F2B4F42CD008833C0 /* Inter-MediumItalic.otf */,
				656AC8572B4F42CC008833C0 /* Inter-Regular.otf */,
				656AC8622B4F42CD008833C0 /* Inter-SemiBold.otf */,
				656AC8602B4F42CD008833C0 /* Inter-SemiBoldItalic.otf */,
				656AC8632B4F42CD008833C0 /* Inter-Thin-BETA.otf */,
				656AC8642B4F42CD008833C0 /* Inter-ThinItalic-BETA.otf */,
				656AC8652B4F42CD008833C0 /* Inter[slnt,wght].ttf */,
			);
			path = Fonts;
			sourceTree = "<group>";
		};
		656AC88C2B4F5123008833C0 /* Color */ = {
			isa = PBXGroup;
			children = (
				656AC88D2B4F5132008833C0 /* ColorsExtension.swift */,
			);
			path = Color;
			sourceTree = "<group>";
		};
		656AC88F2B4F5159008833C0 /* Extension */ = {
			isa = PBXGroup;
			children = (
				656AC8812B4F511E008833C0 /* String+Additions.swift */,
				656AC8842B4F511E008833C0 /* UiView+Additions.swift */,
				656AC87E2B4F511D008833C0 /* Utilitis.swift */,
				656AC88C2B4F5123008833C0 /* Color */,
				656AC8D42B4F51CC008833C0 /* Loca */,
				656AC8AB2B4F516B008833C0 /* Animations.swift */,
				656AC89C2B4F516A008833C0 /* AppLanguague.swift */,
				656AC8A02B4F516A008833C0 /* BaseVC.swift */,
				656AC8AE2B4F516B008833C0 /* BlockTap.swift */,
				656AC8A62B4F516A008833C0 /* CircularProgressBarView.swift */,
				656AC8902B4F5169008833C0 /* Date+Extension.swift */,
				656AC89D2B4F516A008833C0 /* iOSDropDown.swift */,
				656AC8CE2B4F519E008833C0 /* UtilitiesHelper.swift */,
				656AC8D02B4F51A0008833C0 /* ValidationHelper.swift */,
				656AC8A12B4F516A008833C0 /* PDFDownloadViewController.swift */,
				656AC8932B4F5169008833C0 /* SaudiIDNumberValidator.swift */,
				656AC8A42B4F516A008833C0 /* String+Extension.swift */,
				656AC89A2B4F516A008833C0 /* TableView+Extension.swift */,
				656AC8D22B4F51A8008833C0 /* UiColor+extensions.swift */,
				656AC8AC2B4F516B008833C0 /* UIApplication+Extension.swift */,
				656AC89F2B4F516A008833C0 /* UICollectionView+TableFlip.swift */,
				656AC8962B4F516A008833C0 /* UIColor+Additions.swift */,
				656AC8912B4F5169008833C0 /* UIFont+Extensions.swift */,
				656AC8922B4F5169008833C0 /* UIImage+Extention.swift */,
				656AC89E2B4F516A008833C0 /* UIImage+PHImageManager.swift */,
				656AC8A92B4F516B008833C0 /* UIImageView+Kingfisher.swift */,
				656AC8AD2B4F516B008833C0 /* UILabel+Additions.swift */,
				656AC8952B4F516A008833C0 /* UISearchBar+Extension.swift */,
				656AC8AA2B4F516B008833C0 /* UITableView+TableFlip.swift */,
				656AC8A52B4F516A008833C0 /* UITextField+Additions.swift */,
				656AC8992B4F516A008833C0 /* UITextView+Extention.swift */,
				656AC8942B4F5169008833C0 /* UIView+Additions.swift */,
				656AC8A72B4F516B008833C0 /* UIViewController+Additions.swift */,
				656AC8A32B4F516A008833C0 /* UserDefaultManger.swift */,
				656AC8972B4F516A008833C0 /* Utils.swift */,
			);
			path = Extension;
			sourceTree = "<group>";
		};
		656AC8D42B4F51CC008833C0 /* Loca */ = {
			isa = PBXGroup;
			children = (
				656AC8D82B4F5201008833C0 /* Localizable.strings */,
				656AC8D72B4F51FB008833C0 /* Localizable.strings */,
			);
			path = Loca;
			sourceTree = "<group>";
		};
		65953AE72B79510C00C80BB1 /* Categories */ = {
			isa = PBXGroup;
			children = (
				65A022992B7C038200E555B7 /* ProdOfCatagories.swift */,
				650BAD452B7C002900071AAA /* ProdOfCatogriesCollectionsCell */,
				650BAD3E2B7BD10500071AAA /* CatigorisInteractor */,
				65953AEB2B79541300C80BB1 /* CategorisCollectionCell */,
				65953AE92B79520700C80BB1 /* CategoriesStoryboard.storyboard */,
				65953AE82B7951F600C80BB1 /* Views */,
			);
			path = Categories;
			sourceTree = "<group>";
		};
		65953AE82B7951F600C80BB1 /* Views */ = {
			isa = PBXGroup;
			children = (
				65953AF12B795A7C00C80BB1 /* CategorisVC.swift */,
			);
			path = Views;
			sourceTree = "<group>";
		};
		65953AEB2B79541300C80BB1 /* CategorisCollectionCell */ = {
			isa = PBXGroup;
			children = (
				65953AEC2B79544F00C80BB1 /* CategorisCollectionCell.swift */,
				65953AED2B79544F00C80BB1 /* CategorisCollectionCell.xib */,
				650BAD412B7BD8E700071AAA /* MyHeaderCollectionReusableView.swift */,
				650BAD422B7BD8E700071AAA /* MyHeaderCollectionReusableView.xib */,
			);
			path = CategorisCollectionCell;
			sourceTree = "<group>";
		};
		65984BEA2B5869CB0001CC35 /* Home */ = {
			isa = PBXGroup;
			children = (
				65984BEB2B5869DB0001CC35 /* HomeStoryboard.storyboard */,
				6559BF632B7556C700CE8F83 /* View */,
			);
			path = Home;
			sourceTree = "<group>";
		};
		65D92A462B6864030024501A /* Orders */ = {
			isa = PBXGroup;
			children = (
				65D92A472B6864450024501A /* Views */,
				65D92A4A2B68646C0024501A /* OrdersStoryboard.storyboard */,
			);
			path = Orders;
			sourceTree = "<group>";
		};
		65D92A472B6864450024501A /* Views */ = {
			isa = PBXGroup;
			children = (
				65D92A482B68645C0024501A /* OrdersVC.swift */,
				65D92A4C2B6866D70024501A /* ordersTypeHomeCollectionCell.swift */,
				65D92A4D2B6866D70024501A /* ordersTypeHomeCollectionCell.xib */,
				65D92A502B6867C40024501A /* OrdersPageTableViewCell.swift */,
				65D92A512B6867C40024501A /* OrdersPageTableViewCell.xib */,
			);
			path = Views;
			sourceTree = "<group>";
		};
/* End PBXGroup section */

/* Begin PBXNativeTarget section */
		65458FB12B4EC82200434664 /* Breeza */ = {
			isa = PBXNativeTarget;
			buildConfigurationList = 65458FC62B4EC82400434664 /* Build configuration list for PBXNativeTarget "Breeza" */;
			buildPhases = (
				65458FAE2B4EC82200434664 /* Sources */,
				65458FAF2B4EC82200434664 /* Frameworks */,
				65458FB02B4EC82200434664 /* Resources */,
			);
			buildRules = (
			);
			dependencies = (
			);
			name = Breeza;
			packageProductDependencies = (
				656AC8DF2B4F5AD6008833C0 /* Localize_Swift */,
				656AC8E72B4F5AF3008833C0 /* FittedSheets */,
				656AC8EA2B4F5B04008833C0 /* Kingfisher */,
				656AC8ED2B4F5B2A008833C0 /* IQKeyboardManagerSwift */,
				656AC8F02B4F5B45008833C0 /* JVFloatLabeledTextField */,
				6566F6F42B5828F8000EC918 /* Alamofire */,
			);
			productName = Breeza;
			productReference = 65458FB22B4EC82200434664 /* Breeza.app */;
			productType = "com.apple.product-type.application";
		};
/* End PBXNativeTarget section */

/* Begin PBXProject section */
		65458FAA2B4EC82200434664 /* Project object */ = {
			isa = PBXProject;
			attributes = {
				BuildIndependentTargetsInParallel = 1;
				LastSwiftUpdateCheck = 1510;
				LastUpgradeCheck = 1510;
				TargetAttributes = {
					65458FB12B4EC82200434664 = {
						CreatedOnToolsVersion = 15.1;
					};
				};
			};
			buildConfigurationList = 65458FAD2B4EC82200434664 /* Build configuration list for PBXProject "Breeza" */;
			compatibilityVersion = "Xcode 14.0";
			developmentRegion = en;
			hasScannedForEncodings = 0;
			knownRegions = (
				en,
				Base,
			);
			mainGroup = 65458FA92B4EC82200434664;
			packageReferences = (
				656AC8DE2B4F5AD6008833C0 /* XCRemoteSwiftPackageReference "Localize-Swift" */,
				656AC8E62B4F5AF3008833C0 /* XCRemoteSwiftPackageReference "FittedSheets" */,
				656AC8E92B4F5B04008833C0 /* XCRemoteSwiftPackageReference "Kingfisher" */,
				656AC8EC2B4F5B2A008833C0 /* XCRemoteSwiftPackageReference "IQKeyboardManager" */,
				656AC8EF2B4F5B45008833C0 /* XCRemoteSwiftPackageReference "JVFloatLabeledTextField" */,
				6566F6F32B5828F8000EC918 /* XCRemoteSwiftPackageReference "Alamofire" */,
			);
			productRefGroup = 65458FB32B4EC82200434664 /* Products */;
			projectDirPath = "";
			projectRoot = "";
			targets = (
				65458FB12B4EC82200434664 /* Breeza */,
			);
		};
/* End PBXProject section */

/* Begin PBXResourcesBuildPhase section */
		65458FB02B4EC82200434664 /* Resources */ = {
			isa = PBXResourcesBuildPhase;
			buildActionMask = 2147483647;
			files = (
				65984BEC2B5869DB0001CC35 /* HomeStoryboard.storyboard in Resources */,
				656AC86E2B4F42CD008833C0 /* Inter-ExtraBold.otf in Resources */,
				656AC86B2B4F42CD008833C0 /* Inter-Medium.otf in Resources */,
				65BE9BF72B6722D700735660 /* OrderTableViewCell.xib in Resources */,
				656AC8752B4F42CD008833C0 /* Inter-SemiBold.otf in Resources */,
				65953AEA2B79520700C80BB1 /* CategoriesStoryboard.storyboard in Resources */,
				650BAD442B7BD8E700071AAA /* MyHeaderCollectionReusableView.xib in Resources */,
				656AC86D2B4F42CD008833C0 /* Inter-Black.otf in Resources */,
				656AC86A2B4F42CD008833C0 /* Inter-Regular.otf in Resources */,
				65C8ACCD2B587B6600355BF3 /* homeProdCell.xib in Resources */,
				656AC8712B4F42CD008833C0 /* Inter-LightItalic-BETA.otf in Resources */,
				65D92A4F2B6866D70024501A /* ordersTypeHomeCollectionCell.xib in Resources */,
				656AC8702B4F42CD008833C0 /* Inter-Bold.otf in Resources */,
				65D92A4B2B68646C0024501A /* OrdersStoryboard.storyboard in Resources */,
				656AC87B2B4F42CD008833C0 /* Inter-BlackItalic.otf in Resources */,
				65D718FF2B66917C00DA3F54 /* HomeTableViewCell.xib in Resources */,
				65458FBF2B4EC82400434664 /* Assets.xcassets in Resources */,
				656AC86F2B4F42CD008833C0 /* Inter-ExtraLightItalic-BETA.otf in Resources */,
				656AC86C2B4F42CD008833C0 /* Inter-ExtraLight-BETA.otf in Resources */,
				656AC8742B4F42CD008833C0 /* Inter-ExtraBoldItalic.otf in Resources */,
				65273C822B66C9AC008FAF39 /* ArticleCollectionViewCell.xib in Resources */,
				656AC8792B4F42CD008833C0 /* Inter-Italic.otf in Resources */,
				65953AEF2B79544F00C80BB1 /* CategorisCollectionCell.xib in Resources */,
				656AC8772B4F42CD008833C0 /* Inter-ThinItalic-BETA.otf in Resources */,
				65458FCD2B4EC8BE00434664 /* OnboardingStoryboard.storyboard in Resources */,
				650BAD492B7C006400071AAA /* ProdOfCatogriesCollectionsCell.xib in Resources */,
				656AC8722B4F42CD008833C0 /* Inter-MediumItalic.otf in Resources */,
				656AC8762B4F42CD008833C0 /* Inter-Thin-BETA.otf in Resources */,
				656AC8782B4F42CD008833C0 /* Inter[slnt,wght].ttf in Resources */,
				65D92A532B6867C40024501A /* OrdersPageTableViewCell.xib in Resources */,
				656AC87A2B4F42CD008833C0 /* Inter-BoldItalic.otf in Resources */,
				656AC8692B4F42CD008833C0 /* Inter-Light-BETA.otf in Resources */,
				65273C882B66E0CB008FAF39 /* ProductsMenuTableViewCell.xib in Resources */,
				656AC8732B4F42CD008833C0 /* Inter-SemiBoldItalic.otf in Resources */,
				65075D112B72C4B30077EBB3 /* MainTabBar.storyboard in Resources */,
			);
			runOnlyForDeploymentPostprocessing = 0;
		};
/* End PBXResourcesBuildPhase section */

/* Begin PBXSourcesBuildPhase section */
		65458FAE2B4EC82200434664 /* Sources */ = {
			isa = PBXSourcesBuildPhase;
			buildActionMask = 2147483647;
			files = (
				65953AF22B795A7C00C80BB1 /* CategorisVC.swift in Sources */,
				656AC8BC2B4F516B008833C0 /* iOSDropDown.swift in Sources */,
				656AC88B2B4F511E008833C0 /* UiView+Additions.swift in Sources */,
				65953AEE2B79544F00C80BB1 /* CategorisCollectionCell.swift in Sources */,
				656AC8B52B4F516B008833C0 /* UIColor+Additions.swift in Sources */,
				6559BF752B793CDA00CE8F83 /* HomePresenter.swift in Sources */,
				65BE9BF62B6722D700735660 /* OrderTableViewCell.swift in Sources */,
				656AC8DB2B4F55D8008833C0 /* OnboradingImagesVC.swift in Sources */,
				650BAD482B7C006400071AAA /* ProdOfCatogriesCollectionsCell.swift in Sources */,
				656AC8B82B4F516B008833C0 /* UITextView+Extention.swift in Sources */,
				656AC8BE2B4F516B008833C0 /* UICollectionView+TableFlip.swift in Sources */,
				65FF8F8D2B671C77007C1D26 /* AddToOrderVC.swift in Sources */,
				65D718FE2B66917C00DA3F54 /* HomeTableViewCell.swift in Sources */,
				656AC8B22B4F516B008833C0 /* SaudiIDNumberValidator.swift in Sources */,
				656AC8B62B4F516B008833C0 /* Utils.swift in Sources */,
				656AC8852B4F511E008833C0 /* Utilitis.swift in Sources */,
				6566F6F72B58293F000EC918 /* ErrorResponse.swift in Sources */,
				65075D122B72C4B30077EBB3 /* MainTabBarVC.swift in Sources */,
				656AC8B42B4F516B008833C0 /* UISearchBar+Extension.swift in Sources */,
				65C8ACCC2B587B6600355BF3 /* homeProdCell.swift in Sources */,
				65D719012B6697E500DA3F54 /* HomeVC.swift in Sources */,
				650BAD402B7BD12700071AAA /* CategorisInteractor.swift in Sources */,
				656AC8B02B4F516B008833C0 /* UIFont+Extensions.swift in Sources */,
				656AC8C52B4F516B008833C0 /* CircularProgressBarView.swift in Sources */,
				6566F6F22B5828CE000EC918 /* NetwrokManger.swift in Sources */,
				65D92A492B68645C0024501A /* OrdersVC.swift in Sources */,
				65273C842B66DED8008FAF39 /* ProductsMenuVC.swift in Sources */,
				656AC8B32B4F516B008833C0 /* UIView+Additions.swift in Sources */,
				656AC8CC2B4F516B008833C0 /* UILabel+Additions.swift in Sources */,
				656AC8DD2B4F5710008833C0 /* StartVC.swift in Sources */,
				656AC8B12B4F516B008833C0 /* UIImage+Extention.swift in Sources */,
				65D92A4E2B6866D70024501A /* ordersTypeHomeCollectionCell.swift in Sources */,
				65273C812B66C9AC008FAF39 /* ArticleCollectionViewCell.swift in Sources */,
				650BAD432B7BD8E700071AAA /* MyHeaderCollectionReusableView.swift in Sources */,
				656AC87D2B4F50A9008833C0 /* OnboradingLogoVC.swift in Sources */,
				6559BF722B755C4E00CE8F83 /* homeProductsModel.swift in Sources */,
				656AC8CF2B4F519E008833C0 /* UtilitiesHelper.swift in Sources */,
				656AC8882B4F511E008833C0 /* String+Additions.swift in Sources */,
				656AC8CA2B4F516B008833C0 /* Animations.swift in Sources */,
				656AC8AF2B4F516B008833C0 /* Date+Extension.swift in Sources */,
				656AC8CB2B4F516B008833C0 /* UIApplication+Extension.swift in Sources */,
				65458FB62B4EC82200434664 /* AppDelegate.swift in Sources */,
				656AC8C32B4F516B008833C0 /* String+Extension.swift in Sources */,
				65A0229A2B7C038200E555B7 /* ProdOfCatagories.swift in Sources */,
				656AC8C42B4F516B008833C0 /* UITextField+Additions.swift in Sources */,
				656AC8CD2B4F516B008833C0 /* BlockTap.swift in Sources */,
				656AC88E2B4F5132008833C0 /* ColorsExtension.swift in Sources */,
				6559BF702B75593B00CE8F83 /* HomeInteractor.swift in Sources */,
				656AC8D32B4F51A8008833C0 /* UiColor+extensions.swift in Sources */,
				656AC8C82B4F516B008833C0 /* UIImageView+Kingfisher.swift in Sources */,
				656AC8F32B4F5C06008833C0 /* UserDefaultConstants.swift in Sources */,
				656AC8C02B4F516B008833C0 /* PDFDownloadViewController.swift in Sources */,
				656AC8D12B4F51A0008833C0 /* ValidationHelper.swift in Sources */,
				655FFE8C2B672C9500A1EB0C /* ItemAddedPopUp.swift in Sources */,
				65273C872B66E0CB008FAF39 /* ProductsMenuTableViewCell.swift in Sources */,
				656AC8BD2B4F516B008833C0 /* UIImage+PHImageManager.swift in Sources */,
				65213B3C2B67289B0058B0A4 /* SelectOrderVC.swift in Sources */,
				65D92A522B6867C40024501A /* OrdersPageTableViewCell.swift in Sources */,
				656AC8C22B4F516B008833C0 /* UserDefaultManger.swift in Sources */,
				6566F6F02B581485000EC918 /* AuthPresenter.swift in Sources */,
				6566F6EE2B581402000EC918 /* LoginVC.swift in Sources */,
				656AC8C62B4F516B008833C0 /* UIViewController+Additions.swift in Sources */,
				656AC8B92B4F516B008833C0 /* TableView+Extension.swift in Sources */,
				656AC8C92B4F516B008833C0 /* UITableView+TableFlip.swift in Sources */,
				656AC8BF2B4F516B008833C0 /* BaseVC.swift in Sources */,
				656AC8BB2B4F516B008833C0 /* AppLanguague.swift in Sources */,
			);
			runOnlyForDeploymentPostprocessing = 0;
		};
/* End PBXSourcesBuildPhase section */

/* Begin PBXVariantGroup section */
		656AC8D82B4F5201008833C0 /* Localizable.strings */ = {
			isa = PBXVariantGroup;
			children = (
				656AC8D92B4F5201008833C0 /* en */,
			);
			name = Localizable.strings;
			sourceTree = "<group>";
		};
/* End PBXVariantGroup section */

/* Begin XCBuildConfiguration section */
		65458FC42B4EC82400434664 /* Debug */ = {
			isa = XCBuildConfiguration;
			buildSettings = {
				ALWAYS_SEARCH_USER_PATHS = NO;
				ASSETCATALOG_COMPILER_GENERATE_SWIFT_ASSET_SYMBOL_EXTENSIONS = YES;
				CLANG_ANALYZER_NONNULL = YES;
				CLANG_ANALYZER_NUMBER_OBJECT_CONVERSION = YES_AGGRESSIVE;
				CLANG_CXX_LANGUAGE_STANDARD = "gnu++20";
				CLANG_ENABLE_MODULES = YES;
				CLANG_ENABLE_OBJC_ARC = YES;
				CLANG_ENABLE_OBJC_WEAK = YES;
				CLANG_WARN_BLOCK_CAPTURE_AUTORELEASING = YES;
				CLANG_WARN_BOOL_CONVERSION = YES;
				CLANG_WARN_COMMA = YES;
				CLANG_WARN_CONSTANT_CONVERSION = YES;
				CLANG_WARN_DEPRECATED_OBJC_IMPLEMENTATIONS = YES;
				CLANG_WARN_DIRECT_OBJC_ISA_USAGE = YES_ERROR;
				CLANG_WARN_DOCUMENTATION_COMMENTS = YES;
				CLANG_WARN_EMPTY_BODY = YES;
				CLANG_WARN_ENUM_CONVERSION = YES;
				CLANG_WARN_INFINITE_RECURSION = YES;
				CLANG_WARN_INT_CONVERSION = YES;
				CLANG_WARN_NON_LITERAL_NULL_CONVERSION = YES;
				CLANG_WARN_OBJC_IMPLICIT_RETAIN_SELF = YES;
				CLANG_WARN_OBJC_LITERAL_CONVERSION = YES;
				CLANG_WARN_OBJC_ROOT_CLASS = YES_ERROR;
				CLANG_WARN_QUOTED_INCLUDE_IN_FRAMEWORK_HEADER = YES;
				CLANG_WARN_RANGE_LOOP_ANALYSIS = YES;
				CLANG_WARN_STRICT_PROTOTYPES = YES;
				CLANG_WARN_SUSPICIOUS_MOVE = YES;
				CLANG_WARN_UNGUARDED_AVAILABILITY = YES_AGGRESSIVE;
				CLANG_WARN_UNREACHABLE_CODE = YES;
				CLANG_WARN__DUPLICATE_METHOD_MATCH = YES;
				COPY_PHASE_STRIP = NO;
				DEBUG_INFORMATION_FORMAT = dwarf;
				ENABLE_STRICT_OBJC_MSGSEND = YES;
				ENABLE_TESTABILITY = YES;
				ENABLE_USER_SCRIPT_SANDBOXING = YES;
				GCC_C_LANGUAGE_STANDARD = gnu17;
				GCC_DYNAMIC_NO_PIC = NO;
				GCC_NO_COMMON_BLOCKS = YES;
				GCC_OPTIMIZATION_LEVEL = 0;
				GCC_PREPROCESSOR_DEFINITIONS = (
					"DEBUG=1",
					"$(inherited)",
				);
				GCC_WARN_64_TO_32_BIT_CONVERSION = YES;
				GCC_WARN_ABOUT_RETURN_TYPE = YES_ERROR;
				GCC_WARN_UNDECLARED_SELECTOR = YES;
				GCC_WARN_UNINITIALIZED_AUTOS = YES_AGGRESSIVE;
				GCC_WARN_UNUSED_FUNCTION = YES;
				GCC_WARN_UNUSED_VARIABLE = YES;
				IPHONEOS_DEPLOYMENT_TARGET = 17.2;
				LOCALIZATION_PREFERS_STRING_CATALOGS = YES;
				MTL_ENABLE_DEBUG_INFO = INCLUDE_SOURCE;
				MTL_FAST_MATH = YES;
				ONLY_ACTIVE_ARCH = YES;
				SDKROOT = iphoneos;
				SWIFT_ACTIVE_COMPILATION_CONDITIONS = "DEBUG $(inherited)";
				SWIFT_OPTIMIZATION_LEVEL = "-Onone";
			};
			name = Debug;
		};
		65458FC52B4EC82400434664 /* Release */ = {
			isa = XCBuildConfiguration;
			buildSettings = {
				ALWAYS_SEARCH_USER_PATHS = NO;
				ASSETCATALOG_COMPILER_GENERATE_SWIFT_ASSET_SYMBOL_EXTENSIONS = YES;
				CLANG_ANALYZER_NONNULL = YES;
				CLANG_ANALYZER_NUMBER_OBJECT_CONVERSION = YES_AGGRESSIVE;
				CLANG_CXX_LANGUAGE_STANDARD = "gnu++20";
				CLANG_ENABLE_MODULES = YES;
				CLANG_ENABLE_OBJC_ARC = YES;
				CLANG_ENABLE_OBJC_WEAK = YES;
				CLANG_WARN_BLOCK_CAPTURE_AUTORELEASING = YES;
				CLANG_WARN_BOOL_CONVERSION = YES;
				CLANG_WARN_COMMA = YES;
				CLANG_WARN_CONSTANT_CONVERSION = YES;
				CLANG_WARN_DEPRECATED_OBJC_IMPLEMENTATIONS = YES;
				CLANG_WARN_DIRECT_OBJC_ISA_USAGE = YES_ERROR;
				CLANG_WARN_DOCUMENTATION_COMMENTS = YES;
				CLANG_WARN_EMPTY_BODY = YES;
				CLANG_WARN_ENUM_CONVERSION = YES;
				CLANG_WARN_INFINITE_RECURSION = YES;
				CLANG_WARN_INT_CONVERSION = YES;
				CLANG_WARN_NON_LITERAL_NULL_CONVERSION = YES;
				CLANG_WARN_OBJC_IMPLICIT_RETAIN_SELF = YES;
				CLANG_WARN_OBJC_LITERAL_CONVERSION = YES;
				CLANG_WARN_OBJC_ROOT_CLASS = YES_ERROR;
				CLANG_WARN_QUOTED_INCLUDE_IN_FRAMEWORK_HEADER = YES;
				CLANG_WARN_RANGE_LOOP_ANALYSIS = YES;
				CLANG_WARN_STRICT_PROTOTYPES = YES;
				CLANG_WARN_SUSPICIOUS_MOVE = YES;
				CLANG_WARN_UNGUARDED_AVAILABILITY = YES_AGGRESSIVE;
				CLANG_WARN_UNREACHABLE_CODE = YES;
				CLANG_WARN__DUPLICATE_METHOD_MATCH = YES;
				COPY_PHASE_STRIP = NO;
				DEBUG_INFORMATION_FORMAT = "dwarf-with-dsym";
				ENABLE_NS_ASSERTIONS = NO;
				ENABLE_STRICT_OBJC_MSGSEND = YES;
				ENABLE_USER_SCRIPT_SANDBOXING = YES;
				GCC_C_LANGUAGE_STANDARD = gnu17;
				GCC_NO_COMMON_BLOCKS = YES;
				GCC_WARN_64_TO_32_BIT_CONVERSION = YES;
				GCC_WARN_ABOUT_RETURN_TYPE = YES_ERROR;
				GCC_WARN_UNDECLARED_SELECTOR = YES;
				GCC_WARN_UNINITIALIZED_AUTOS = YES_AGGRESSIVE;
				GCC_WARN_UNUSED_FUNCTION = YES;
				GCC_WARN_UNUSED_VARIABLE = YES;
				IPHONEOS_DEPLOYMENT_TARGET = 17.2;
				LOCALIZATION_PREFERS_STRING_CATALOGS = YES;
				MTL_ENABLE_DEBUG_INFO = NO;
				MTL_FAST_MATH = YES;
				SDKROOT = iphoneos;
				SWIFT_COMPILATION_MODE = wholemodule;
				VALIDATE_PRODUCT = YES;
			};
			name = Release;
		};
		65458FC72B4EC82400434664 /* Debug */ = {
			isa = XCBuildConfiguration;
			buildSettings = {
				ASSETCATALOG_COMPILER_APPICON_NAME = AppIcon;
				ASSETCATALOG_COMPILER_GLOBAL_ACCENT_COLOR_NAME = AccentColor;
				CODE_SIGN_STYLE = Automatic;
				CURRENT_PROJECT_VERSION = 1;
				DEVELOPMENT_TEAM = X43UT553Y2;
				GENERATE_INFOPLIST_FILE = YES;
				INFOPLIST_FILE = Breeza/Info.plist;
				INFOPLIST_KEY_CFBundleDisplayName = Breeza;
				INFOPLIST_KEY_UIApplicationSupportsIndirectInputEvents = YES;
				INFOPLIST_KEY_UILaunchStoryboardName = LaunchScreen;
				INFOPLIST_KEY_UIMainStoryboardFile = OnboardingStoryboard;
				INFOPLIST_KEY_UISupportedInterfaceOrientations = UIInterfaceOrientationPortrait;
				INFOPLIST_KEY_UISupportedInterfaceOrientations_iPad = "UIInterfaceOrientationLandscapeLeft UIInterfaceOrientationLandscapeRight UIInterfaceOrientationPortrait UIInterfaceOrientationPortraitUpsideDown";
				IPHONEOS_DEPLOYMENT_TARGET = 15.0;
				LD_RUNPATH_SEARCH_PATHS = (
					"$(inherited)",
					"@executable_path/Frameworks",
				);
				MARKETING_VERSION = 1.0;
				PRODUCT_BUNDLE_IDENTIFIER = Breeza.AmrAli.Breeza;
				PRODUCT_NAME = "$(TARGET_NAME)";
				SUPPORTED_PLATFORMS = "iphoneos iphonesimulator";
				SUPPORTS_MACCATALYST = NO;
				SUPPORTS_MAC_DESIGNED_FOR_IPHONE_IPAD = NO;
				SWIFT_EMIT_LOC_STRINGS = YES;
				SWIFT_VERSION = 5.0;
				TARGETED_DEVICE_FAMILY = 1;
			};
			name = Debug;
		};
		65458FC82B4EC82400434664 /* Release */ = {
			isa = XCBuildConfiguration;
			buildSettings = {
				ASSETCATALOG_COMPILER_APPICON_NAME = AppIcon;
				ASSETCATALOG_COMPILER_GLOBAL_ACCENT_COLOR_NAME = AccentColor;
				CODE_SIGN_STYLE = Automatic;
				CURRENT_PROJECT_VERSION = 1;
				DEVELOPMENT_TEAM = X43UT553Y2;
				GENERATE_INFOPLIST_FILE = YES;
				INFOPLIST_FILE = Breeza/Info.plist;
				INFOPLIST_KEY_CFBundleDisplayName = Breeza;
				INFOPLIST_KEY_UIApplicationSupportsIndirectInputEvents = YES;
				INFOPLIST_KEY_UILaunchStoryboardName = LaunchScreen;
				INFOPLIST_KEY_UIMainStoryboardFile = OnboardingStoryboard;
				INFOPLIST_KEY_UISupportedInterfaceOrientations = UIInterfaceOrientationPortrait;
				INFOPLIST_KEY_UISupportedInterfaceOrientations_iPad = "UIInterfaceOrientationLandscapeLeft UIInterfaceOrientationLandscapeRight UIInterfaceOrientationPortrait UIInterfaceOrientationPortraitUpsideDown";
				IPHONEOS_DEPLOYMENT_TARGET = 15.0;
				LD_RUNPATH_SEARCH_PATHS = (
					"$(inherited)",
					"@executable_path/Frameworks",
				);
				MARKETING_VERSION = 1.0;
				PRODUCT_BUNDLE_IDENTIFIER = Breeza.AmrAli.Breeza;
				PRODUCT_NAME = "$(TARGET_NAME)";
				SUPPORTED_PLATFORMS = "iphoneos iphonesimulator";
				SUPPORTS_MACCATALYST = NO;
				SUPPORTS_MAC_DESIGNED_FOR_IPHONE_IPAD = NO;
				SWIFT_EMIT_LOC_STRINGS = YES;
				SWIFT_VERSION = 5.0;
				TARGETED_DEVICE_FAMILY = 1;
			};
			name = Release;
		};
/* End XCBuildConfiguration section */

/* Begin XCConfigurationList section */
		65458FAD2B4EC82200434664 /* Build configuration list for PBXProject "Breeza" */ = {
			isa = XCConfigurationList;
			buildConfigurations = (
				65458FC42B4EC82400434664 /* Debug */,
				65458FC52B4EC82400434664 /* Release */,
			);
			defaultConfigurationIsVisible = 0;
			defaultConfigurationName = Release;
		};
		65458FC62B4EC82400434664 /* Build configuration list for PBXNativeTarget "Breeza" */ = {
			isa = XCConfigurationList;
			buildConfigurations = (
				65458FC72B4EC82400434664 /* Debug */,
				65458FC82B4EC82400434664 /* Release */,
			);
			defaultConfigurationIsVisible = 0;
			defaultConfigurationName = Release;
		};
/* End XCConfigurationList section */

/* Begin XCRemoteSwiftPackageReference section */
		6566F6F32B5828F8000EC918 /* XCRemoteSwiftPackageReference "Alamofire" */ = {
			isa = XCRemoteSwiftPackageReference;
			repositoryURL = "https://github.com/Alamofire/Alamofire";
			requirement = {
				kind = upToNextMajorVersion;
				minimumVersion = 5.8.1;
			};
		};
		656AC8DE2B4F5AD6008833C0 /* XCRemoteSwiftPackageReference "Localize-Swift" */ = {
			isa = XCRemoteSwiftPackageReference;
			repositoryURL = "https://github.com/marmelroy/Localize-Swift.git";
			requirement = {
				kind = upToNextMajorVersion;
				minimumVersion = 3.2.0;
			};
		};
		656AC8E62B4F5AF3008833C0 /* XCRemoteSwiftPackageReference "FittedSheets" */ = {
			isa = XCRemoteSwiftPackageReference;
			repositoryURL = "https://github.com/gordontucker/FittedSheets";
			requirement = {
				kind = upToNextMajorVersion;
				minimumVersion = 2.6.1;
			};
		};
		656AC8E92B4F5B04008833C0 /* XCRemoteSwiftPackageReference "Kingfisher" */ = {
			isa = XCRemoteSwiftPackageReference;
			repositoryURL = "https://github.com/onevcat/Kingfisher";
			requirement = {
				kind = upToNextMajorVersion;
				minimumVersion = 7.10.1;
			};
		};
		656AC8EC2B4F5B2A008833C0 /* XCRemoteSwiftPackageReference "IQKeyboardManager" */ = {
			isa = XCRemoteSwiftPackageReference;
			repositoryURL = "https://github.com/hackiftekhar/IQKeyboardManager.git";
			requirement = {
				kind = upToNextMajorVersion;
				minimumVersion = 7.0.0;
			};
		};
		656AC8EF2B4F5B45008833C0 /* XCRemoteSwiftPackageReference "JVFloatLabeledTextField" */ = {
			isa = XCRemoteSwiftPackageReference;
			repositoryURL = "https://github.com/jverdi/JVFloatLabeledTextField";
			requirement = {
				kind = upToNextMajorVersion;
				minimumVersion = 1.2.5;
			};
		};
/* End XCRemoteSwiftPackageReference section */

/* Begin XCSwiftPackageProductDependency section */
		6566F6F42B5828F8000EC918 /* Alamofire */ = {
			isa = XCSwiftPackageProductDependency;
			package = 6566F6F32B5828F8000EC918 /* XCRemoteSwiftPackageReference "Alamofire" */;
			productName = Alamofire;
		};
		656AC8DF2B4F5AD6008833C0 /* Localize_Swift */ = {
			isa = XCSwiftPackageProductDependency;
			package = 656AC8DE2B4F5AD6008833C0 /* XCRemoteSwiftPackageReference "Localize-Swift" */;
			productName = Localize_Swift;
		};
		656AC8E72B4F5AF3008833C0 /* FittedSheets */ = {
			isa = XCSwiftPackageProductDependency;
			package = 656AC8E62B4F5AF3008833C0 /* XCRemoteSwiftPackageReference "FittedSheets" */;
			productName = FittedSheets;
		};
		656AC8EA2B4F5B04008833C0 /* Kingfisher */ = {
			isa = XCSwiftPackageProductDependency;
			package = 656AC8E92B4F5B04008833C0 /* XCRemoteSwiftPackageReference "Kingfisher" */;
			productName = Kingfisher;
		};
		656AC8ED2B4F5B2A008833C0 /* IQKeyboardManagerSwift */ = {
			isa = XCSwiftPackageProductDependency;
			package = 656AC8EC2B4F5B2A008833C0 /* XCRemoteSwiftPackageReference "IQKeyboardManager" */;
			productName = IQKeyboardManagerSwift;
		};
		656AC8F02B4F5B45008833C0 /* JVFloatLabeledTextField */ = {
			isa = XCSwiftPackageProductDependency;
			package = 656AC8EF2B4F5B45008833C0 /* XCRemoteSwiftPackageReference "JVFloatLabeledTextField" */;
			productName = JVFloatLabeledTextField;
		};
/* End XCSwiftPackageProductDependency section */
	};
	rootObject = 65458FAA2B4EC82200434664 /* Project object */;
}
